
Microsoft Visual Studio Solution File, Format Version 12.00
# Visual Studio Version 16
VisualStudioVersion = 16.0.29709.97
MinimumVisualStudioVersion = 10.0.40219.1
Project("{9A19103F-16F7-4668-BE54-9A1E7A4F7556}") = "MonApplication2", "MonApplication2\MonApplication2.csproj", "{629EB7C2-39E6-46A5-A85E-AD678839B501}"
EndProject
Global
	GlobalSection(SolutionConfigurationPlatforms) = preSolution
		Debug|Any CPU = Debug|Any CPU
		Release|Any CPU = Release|Any CPU
	EndGlobalSection
	GlobalSection(ProjectConfigurationPlatforms) = postSolution
		{629EB7C2-39E6-46A5-A85E-AD678839B501}.Debug|Any CPU.ActiveCfg = Debug|Any CPU
		{629EB7C2-39E6-46A5-A85E-AD678839B501}.Debug|Any CPU.Build.0 = Debug|Any CPU
		{629EB7C2-39E6-46A5-A85E-AD678839B501}.Release|Any CPU.ActiveCfg = Release|Any CPU
		{629EB7C2-39E6-46A5-A85E-AD678839B501}.Release|Any CPU.Build.0 = Release|Any CPU
	EndGlobalSection
	GlobalSection(SolutionProperties) = preSolution
		HideSolutionNode = FALSE
	EndGlobalSection
	GlobalSection(ExtensibilityGlobals) = postSolution
		SolutionGuid = {D7A20DDE-0560-410F-B888-F6646C98FD05}
	EndGlobalSection
	GlobalSection(TeamFoundationVersionControl) = preSolution
		SccNumberOfProjects = 2
		SccEnterpriseProvider = {4CA58AB2-18FA-4F8D-95D4-32DDF27D184C}
		SccTeamFoundationServer = https://dev.azure.com/bastiencaumont
		SccLocalPath0 = .
		SccProjectUniqueName1 = MonApplication2\\MonApplication2.csproj
		SccProjectName1 = MonApplication2
		SccLocalPath1 = MonApplication2
	EndGlobalSection
EndGlobal
